
Microsoft Visual Studio Solution File, Format Version 12.00
# Visual Studio 15
VisualStudioVersion = 15.0.28010.2048
MinimumVisualStudioVersion = 10.0.40219.1
Project("{8BC9CEB8-8B4A-11D0-8D11-00A0C91BC942}") = "APC", "APC\APC.vcxproj", "{209CA207-599D-4E51-8C12-A5FE9EE54DEE}"
EndProject
Global
	GlobalSection(SolutionConfigurationPlatforms) = preSolution
		Debug|x64 = Debug|x64
		Debug|x86 = Debug|x86
		Release|x64 = Release|x64
		Release|x86 = Release|x86
	EndGlobalSection
	GlobalSection(ProjectConfigurationPlatforms) = postSolution
		{209CA207-599D-4E51-8C12-A5FE9EE54DEE}.Debug|x64.ActiveCfg = Debug|x64
		{209CA207-599D-4E51-8C12-A5FE9EE54DEE}.Debug|x64.Build.0 = Debug|x64
		{209CA207-599D-4E51-8C12-A5FE9EE54DEE}.Debug|x86.ActiveCfg = Debug|Win32
		{209CA207-599D-4E51-8C12-A5FE9EE54DEE}.Debug|x86.Build.0 = Debug|Win32
		{209CA207-599D-4E51-8C12-A5FE9EE54DEE}.Release|x64.ActiveCfg = Release|x64
		{209CA207-599D-4E51-8C12-A5FE9EE54DEE}.Release|x64.Build.0 = Release|x64
		{209CA207-599D-4E51-8C12-A5FE9EE54DEE}.Release|x86.ActiveCfg = Release|Win32
		{209CA207-599D-4E51-8C12-A5FE9EE54DEE}.Release|x86.Build.0 = Release|Win32
	EndGlobalSection
	GlobalSection(SolutionProperties) = preSolution
		HideSolutionNode = FALSE
	EndGlobalSection
	GlobalSection(ExtensibilityGlobals) = postSolution
		SolutionGuid = {A173B86D-6B1A-4B89-8B5C-60A1A02C81E3}
	EndGlobalSection
EndGlobal
